// !$*UTF8*$!
{
	archiveVersion = 1;
	classes = {
	};
	objectVersion = 56;
	objects = {

/* Begin PBXBuildFile section */
		DD79490929323F7500C68885 /* AppDelegate.swift in Sources */ = {isa = PBXBuildFile; fileRef = DD79490829323F7500C68885 /* AppDelegate.swift */; };
		DD79490B29323F7500C68885 /* SceneDelegate.swift in Sources */ = {isa = PBXBuildFile; fileRef = DD79490A29323F7500C68885 /* SceneDelegate.swift */; };
		DD79490D29323F7500C68885 /* ViewController.swift in Sources */ = {isa = PBXBuildFile; fileRef = DD79490C29323F7500C68885 /* ViewController.swift */; };
		DD79491029323F7500C68885 /* Main.storyboard in Resources */ = {isa = PBXBuildFile; fileRef = DD79490E29323F7500C68885 /* Main.storyboard */; };
		DD79491229323F7500C68885 /* Assets.xcassets in Resources */ = {isa = PBXBuildFile; fileRef = DD79491129323F7500C68885 /* Assets.xcassets */; };
		DD79491529323F7500C68885 /* LaunchScreen.storyboard in Resources */ = {isa = PBXBuildFile; fileRef = DD79491329323F7500C68885 /* LaunchScreen.storyboard */; };
		DD7949352932400900C68885 /* spain@2x.png in Resources */ = {isa = PBXBuildFile; fileRef = DD79491D2932400900C68885 /* spain@2x.png */; };
		DD7949362932400900C68885 /* nigeria@2x.png in Resources */ = {isa = PBXBuildFile; fileRef = DD79491E2932400900C68885 /* nigeria@2x.png */; };
		DD7949372932400900C68885 /* nigeria@3x.png in Resources */ = {isa = PBXBuildFile; fileRef = DD79491F2932400900C68885 /* nigeria@3x.png */; };
		DD7949382932400900C68885 /* spain@3x.png in Resources */ = {isa = PBXBuildFile; fileRef = DD7949202932400900C68885 /* spain@3x.png */; };
		DD7949392932400900C68885 /* italy@3x.png in Resources */ = {isa = PBXBuildFile; fileRef = DD7949212932400900C68885 /* italy@3x.png */; };
		DD79493A2932400900C68885 /* ireland@2x.png in Resources */ = {isa = PBXBuildFile; fileRef = DD7949222932400900C68885 /* ireland@2x.png */; };
		DD79493B2932400900C68885 /* germany@3x.png in Resources */ = {isa = PBXBuildFile; fileRef = DD7949232932400900C68885 /* germany@3x.png */; };
		DD79493C2932400900C68885 /* germany@2x.png in Resources */ = {isa = PBXBuildFile; fileRef = DD7949242932400900C68885 /* germany@2x.png */; };
		DD79493D2932400900C68885 /* ireland@3x.png in Resources */ = {isa = PBXBuildFile; fileRef = DD7949252932400900C68885 /* ireland@3x.png */; };
		DD79493E2932400900C68885 /* italy@2x.png in Resources */ = {isa = PBXBuildFile; fileRef = DD7949262932400900C68885 /* italy@2x.png */; };
		DD79493F2932400900C68885 /* poland@2x.png in Resources */ = {isa = PBXBuildFile; fileRef = DD7949272932400900C68885 /* poland@2x.png */; };
		DD7949402932400900C68885 /* russia@2x.png in Resources */ = {isa = PBXBuildFile; fileRef = DD7949282932400900C68885 /* russia@2x.png */; };
		DD7949412932400900C68885 /* estonia@2x.png in Resources */ = {isa = PBXBuildFile; fileRef = DD7949292932400900C68885 /* estonia@2x.png */; };
		DD7949422932400900C68885 /* estonia@3x.png in Resources */ = {isa = PBXBuildFile; fileRef = DD79492A2932400900C68885 /* estonia@3x.png */; };
		DD7949432932400900C68885 /* russia@3x.png in Resources */ = {isa = PBXBuildFile; fileRef = DD79492B2932400900C68885 /* russia@3x.png */; };
		DD7949442932400900C68885 /* poland@3x.png in Resources */ = {isa = PBXBuildFile; fileRef = DD79492C2932400900C68885 /* poland@3x.png */; };
		DD7949452932400900C68885 /* uk@3x.png in Resources */ = {isa = PBXBuildFile; fileRef = DD79492D2932400900C68885 /* uk@3x.png */; };
		DD7949462932400900C68885 /* us@3x.png in Resources */ = {isa = PBXBuildFile; fileRef = DD79492E2932400900C68885 /* us@3x.png */; };
		DD7949472932400900C68885 /* france@3x.png in Resources */ = {isa = PBXBuildFile; fileRef = DD79492F2932400900C68885 /* france@3x.png */; };
		DD7949482932400900C68885 /* monaco@2x.png in Resources */ = {isa = PBXBuildFile; fileRef = DD7949302932400900C68885 /* monaco@2x.png */; };
		DD7949492932400900C68885 /* monaco@3x.png in Resources */ = {isa = PBXBuildFile; fileRef = DD7949312932400900C68885 /* monaco@3x.png */; };
		DD79494A2932400900C68885 /* france@2x.png in Resources */ = {isa = PBXBuildFile; fileRef = DD7949322932400900C68885 /* france@2x.png */; };
		DD79494B2932400900C68885 /* us@2x.png in Resources */ = {isa = PBXBuildFile; fileRef = DD7949332932400900C68885 /* us@2x.png */; };
		DD79494C2932400900C68885 /* uk@2x.png in Resources */ = {isa = PBXBuildFile; fileRef = DD7949342932400900C68885 /* uk@2x.png */; };
		DD79494E293244CE00C68885 /* DetailViewController.swift in Sources */ = {isa = PBXBuildFile; fileRef = DD79494D293244CE00C68885 /* DetailViewController.swift */; };
/* End PBXBuildFile section */

/* Begin PBXFileReference section */
		DD79490529323F7500C68885 /* First Challenge (HWS).app */ = {isa = PBXFileReference; explicitFileType = wrapper.application; includeInIndex = 0; path = "First Challenge (HWS).app"; sourceTree = BUILT_PRODUCTS_DIR; };
		DD79490829323F7500C68885 /* AppDelegate.swift */ = {isa = PBXFileReference; lastKnownFileType = sourcecode.swift; path = AppDelegate.swift; sourceTree = "<group>"; };
		DD79490A29323F7500C68885 /* SceneDelegate.swift */ = {isa = PBXFileReference; lastKnownFileType = sourcecode.swift; path = SceneDelegate.swift; sourceTree = "<group>"; };
		DD79490C29323F7500C68885 /* ViewController.swift */ = {isa = PBXFileReference; lastKnownFileType = sourcecode.swift; path = ViewController.swift; sourceTree = "<group>"; };
		DD79490F29323F7500C68885 /* Base */ = {isa = PBXFileReference; lastKnownFileType = file.storyboard; name = Base; path = Base.lproj/Main.storyboard; sourceTree = "<group>"; };
		DD79491129323F7500C68885 /* Assets.xcassets */ = {isa = PBXFileReference; lastKnownFileType = folder.assetcatalog; path = Assets.xcassets; sourceTree = "<group>"; };
		DD79491429323F7500C68885 /* Base */ = {isa = PBXFileReference; lastKnownFileType = file.storyboard; name = Base; path = Base.lproj/LaunchScreen.storyboard; sourceTree = "<group>"; };
		DD79491629323F7500C68885 /* Info.plist */ = {isa = PBXFileReference; lastKnownFileType = text.plist.xml; path = Info.plist; sourceTree = "<group>"; };
		DD79491D2932400900C68885 /* spain@2x.png */ = {isa = PBXFileReference; lastKnownFileType = image.png; path = "spain@2x.png"; sourceTree = "<group>"; };
		DD79491E2932400900C68885 /* nigeria@2x.png */ = {isa = PBXFileReference; lastKnownFileType = image.png; path = "nigeria@2x.png"; sourceTree = "<group>"; };
		DD79491F2932400900C68885 /* nigeria@3x.png */ = {isa = PBXFileReference; lastKnownFileType = image.png; path = "nigeria@3x.png"; sourceTree = "<group>"; };
		DD7949202932400900C68885 /* spain@3x.png */ = {isa = PBXFileReference; lastKnownFileType = image.png; path = "spain@3x.png"; sourceTree = "<group>"; };
		DD7949212932400900C68885 /* italy@3x.png */ = {isa = PBXFileReference; lastKnownFileType = image.png; path = "italy@3x.png"; sourceTree = "<group>"; };
		DD7949222932400900C68885 /* ireland@2x.png */ = {isa = PBXFileReference; lastKnownFileType = image.png; path = "ireland@2x.png"; sourceTree = "<group>"; };
		DD7949232932400900C68885 /* germany@3x.png */ = {isa = PBXFileReference; lastKnownFileType = image.png; path = "germany@3x.png"; sourceTree = "<group>"; };
		DD7949242932400900C68885 /* germany@2x.png */ = {isa = PBXFileReference; lastKnownFileType = image.png; path = "germany@2x.png"; sourceTree = "<group>"; };
		DD7949252932400900C68885 /* ireland@3x.png */ = {isa = PBXFileReference; lastKnownFileType = image.png; path = "ireland@3x.png"; sourceTree = "<group>"; };
		DD7949262932400900C68885 /* italy@2x.png */ = {isa = PBXFileReference; lastKnownFileType = image.png; path = "italy@2x.png"; sourceTree = "<group>"; };
		DD7949272932400900C68885 /* poland@2x.png */ = {isa = PBXFileReference; lastKnownFileType = image.png; path = "poland@2x.png"; sourceTree = "<group>"; };
		DD7949282932400900C68885 /* russia@2x.png */ = {isa = PBXFileReference; lastKnownFileType = image.png; path = "russia@2x.png"; sourceTree = "<group>"; };
		DD7949292932400900C68885 /* estonia@2x.png */ = {isa = PBXFileReference; lastKnownFileType = image.png; path = "estonia@2x.png"; sourceTree = "<group>"; };
		DD79492A2932400900C68885 /* estonia@3x.png */ = {isa = PBXFileReference; lastKnownFileType = image.png; path = "estonia@3x.png"; sourceTree = "<group>"; };
		DD79492B2932400900C68885 /* russia@3x.png */ = {isa = PBXFileReference; lastKnownFileType = image.png; path = "russia@3x.png"; sourceTree = "<group>"; };
		DD79492C2932400900C68885 /* poland@3x.png */ = {isa = PBXFileReference; lastKnownFileType = image.png; path = "poland@3x.png"; sourceTree = "<group>"; };
		DD79492D2932400900C68885 /* uk@3x.png */ = {isa = PBXFileReference; lastKnownFileType = image.png; path = "uk@3x.png"; sourceTree = "<group>"; };
		DD79492E2932400900C68885 /* us@3x.png */ = {isa = PBXFileReference; lastKnownFileType = image.png; path = "us@3x.png"; sourceTree = "<group>"; };
		DD79492F2932400900C68885 /* france@3x.png */ = {isa = PBXFileReference; lastKnownFileType = image.png; path = "france@3x.png"; sourceTree = "<group>"; };
		DD7949302932400900C68885 /* monaco@2x.png */ = {isa = PBXFileReference; lastKnownFileType = image.png; path = "monaco@2x.png"; sourceTree = "<group>"; };
		DD7949312932400900C68885 /* monaco@3x.png */ = {isa = PBXFileReference; lastKnownFileType = image.png; path = "monaco@3x.png"; sourceTree = "<group>"; };
		DD7949322932400900C68885 /* france@2x.png */ = {isa = PBXFileReference; lastKnownFileType = image.png; path = "france@2x.png"; sourceTree = "<group>"; };
		DD7949332932400900C68885 /* us@2x.png */ = {isa = PBXFileReference; lastKnownFileType = image.png; path = "us@2x.png"; sourceTree = "<group>"; };
		DD7949342932400900C68885 /* uk@2x.png */ = {isa = PBXFileReference; lastKnownFileType = image.png; path = "uk@2x.png"; sourceTree = "<group>"; };
		DD79494D293244CE00C68885 /* DetailViewController.swift */ = {isa = PBXFileReference; lastKnownFileType = sourcecode.swift; path = DetailViewController.swift; sourceTree = "<group>"; };
/* End PBXFileReference section */

/* Begin PBXFrameworksBuildPhase section */
		DD79490229323F7500C68885 /* Frameworks */ = {
			isa = PBXFrameworksBuildPhase;
			buildActionMask = 2147483647;
			files = (
			);
			runOnlyForDeploymentPostprocessing = 0;
		};
/* End PBXFrameworksBuildPhase section */

/* Begin PBXGroup section */
		DD7948FC29323F7500C68885 = {
			isa = PBXGroup;
			children = (
				DD79490729323F7500C68885 /* First Challenge (HWS) */,
				DD79490629323F7500C68885 /* Products */,
			);
			sourceTree = "<group>";
		};
		DD79490629323F7500C68885 /* Products */ = {
			isa = PBXGroup;
			children = (
				DD79490529323F7500C68885 /* First Challenge (HWS).app */,
			);
			name = Products;
			sourceTree = "<group>";
		};
		DD79490729323F7500C68885 /* First Challenge (HWS) */ = {
			isa = PBXGroup;
			children = (
				DD79490829323F7500C68885 /* AppDelegate.swift */,
				DD79490A29323F7500C68885 /* SceneDelegate.swift */,
				DD79490C29323F7500C68885 /* ViewController.swift */,
				DD79494D293244CE00C68885 /* DetailViewController.swift */,
				DD79490E29323F7500C68885 /* Main.storyboard */,
				DD79491129323F7500C68885 /* Assets.xcassets */,
				DD79491329323F7500C68885 /* LaunchScreen.storyboard */,
				DD79491629323F7500C68885 /* Info.plist */,
				DD79491C2932400900C68885 /* Project 2 Contents */,
			);
			path = "First Challenge (HWS)";
			sourceTree = "<group>";
		};
		DD79491C2932400900C68885 /* Project 2 Contents */ = {
			isa = PBXGroup;
			children = (
				DD79491D2932400900C68885 /* spain@2x.png */,
				DD79491E2932400900C68885 /* nigeria@2x.png */,
				DD79491F2932400900C68885 /* nigeria@3x.png */,
				DD7949202932400900C68885 /* spain@3x.png */,
				DD7949212932400900C68885 /* italy@3x.png */,
				DD7949222932400900C68885 /* ireland@2x.png */,
				DD7949232932400900C68885 /* germany@3x.png */,
				DD7949242932400900C68885 /* germany@2x.png */,
				DD7949252932400900C68885 /* ireland@3x.png */,
				DD7949262932400900C68885 /* italy@2x.png */,
				DD7949272932400900C68885 /* poland@2x.png */,
				DD7949282932400900C68885 /* russia@2x.png */,
				DD7949292932400900C68885 /* estonia@2x.png */,
				DD79492A2932400900C68885 /* estonia@3x.png */,
				DD79492B2932400900C68885 /* russia@3x.png */,
				DD79492C2932400900C68885 /* poland@3x.png */,
				DD79492D2932400900C68885 /* uk@3x.png */,
				DD79492E2932400900C68885 /* us@3x.png */,
				DD79492F2932400900C68885 /* france@3x.png */,
				DD7949302932400900C68885 /* monaco@2x.png */,
				DD7949312932400900C68885 /* monaco@3x.png */,
				DD7949322932400900C68885 /* france@2x.png */,
				DD7949332932400900C68885 /* us@2x.png */,
				DD7949342932400900C68885 /* uk@2x.png */,
			);
			path = "Project 2 Contents";
			sourceTree = "<group>";
		};
/* End PBXGroup section */

/* Begin PBXNativeTarget section */
		DD79490429323F7500C68885 /* First Challenge (HWS) */ = {
			isa = PBXNativeTarget;
			buildConfigurationList = DD79491929323F7500C68885 /* Build configuration list for PBXNativeTarget "First Challenge (HWS)" */;
			buildPhases = (
				DD79490129323F7500C68885 /* Sources */,
				DD79490229323F7500C68885 /* Frameworks */,
				DD79490329323F7500C68885 /* Resources */,
			);
			buildRules = (
			);
			dependencies = (
			);
			name = "First Challenge (HWS)";
			productName = "First Challenge (HWS)";
			productReference = DD79490529323F7500C68885 /* First Challenge (HWS).app */;
			productType = "com.apple.product-type.application";
		};
/* End PBXNativeTarget section */

/* Begin PBXProject section */
		DD7948FD29323F7500C68885 /* Project object */ = {
			isa = PBXProject;
			attributes = {
				BuildIndependentTargetsInParallel = 1;
				LastSwiftUpdateCheck = 1400;
				LastUpgradeCheck = 1400;
				TargetAttributes = {
					DD79490429323F7500C68885 = {
						CreatedOnToolsVersion = 14.0.1;
					};
				};
			};
			buildConfigurationList = DD79490029323F7500C68885 /* Build configuration list for PBXProject "First Challenge (HWS)" */;
			compatibilityVersion = "Xcode 14.0";
			developmentRegion = en;
			hasScannedForEncodings = 0;
			knownRegions = (
				en,
				Base,
			);
			mainGroup = DD7948FC29323F7500C68885;
			productRefGroup = DD79490629323F7500C68885 /* Products */;
			projectDirPath = "";
			projectRoot = "";
			targets = (
				DD79490429323F7500C68885 /* First Challenge (HWS) */,
			);
		};
/* End PBXProject section */

/* Begin PBXResourcesBuildPhase section */
		DD79490329323F7500C68885 /* Resources */ = {
			isa = PBXResourcesBuildPhase;
			buildActionMask = 2147483647;
			files = (
				DD7949492932400900C68885 /* monaco@3x.png in Resources */,
				DD7949362932400900C68885 /* nigeria@2x.png in Resources */,
				DD79494B2932400900C68885 /* us@2x.png in Resources */,
				DD7949372932400900C68885 /* nigeria@3x.png in Resources */,
				DD7949442932400900C68885 /* poland@3x.png in Resources */,
				DD7949452932400900C68885 /* uk@3x.png in Resources */,
				DD79494A2932400900C68885 /* france@2x.png in Resources */,
				DD79493E2932400900C68885 /* italy@2x.png in Resources */,
				DD7949352932400900C68885 /* spain@2x.png in Resources */,
				DD79493B2932400900C68885 /* germany@3x.png in Resources */,
				DD79491529323F7500C68885 /* LaunchScreen.storyboard in Resources */,
				DD79493F2932400900C68885 /* poland@2x.png in Resources */,
				DD79491229323F7500C68885 /* Assets.xcassets in Resources */,
				DD7949392932400900C68885 /* italy@3x.png in Resources */,
				DD7949422932400900C68885 /* estonia@3x.png in Resources */,
				DD7949482932400900C68885 /* monaco@2x.png in Resources */,
				DD79491029323F7500C68885 /* Main.storyboard in Resources */,
				DD79493A2932400900C68885 /* ireland@2x.png in Resources */,
				DD79493C2932400900C68885 /* germany@2x.png in Resources */,
				DD7949462932400900C68885 /* us@3x.png in Resources */,
				DD7949382932400900C68885 /* spain@3x.png in Resources */,
				DD7949402932400900C68885 /* russia@2x.png in Resources */,
				DD7949412932400900C68885 /* estonia@2x.png in Resources */,
				DD7949432932400900C68885 /* russia@3x.png in Resources */,
				DD79494C2932400900C68885 /* uk@2x.png in Resources */,
				DD7949472932400900C68885 /* france@3x.png in Resources */,
				DD79493D2932400900C68885 /* ireland@3x.png in Resources */,
			);
			runOnlyForDeploymentPostprocessing = 0;
		};
/* End PBXResourcesBuildPhase section */

/* Begin PBXSourcesBuildPhase section */
		DD79490129323F7500C68885 /* Sources */ = {
			isa = PBXSourcesBuildPhase;
			buildActionMask = 2147483647;
			files = (
				DD79490D29323F7500C68885 /* ViewController.swift in Sources */,
				DD79490929323F7500C68885 /* AppDelegate.swift in Sources */,
				DD79490B29323F7500C68885 /* SceneDelegate.swift in Sources */,
				DD79494E293244CE00C68885 /* DetailViewController.swift in Sources */,
			);
			runOnlyForDeploymentPostprocessing = 0;
		};
/* End PBXSourcesBuildPhase section */

/* Begin PBXVariantGroup section */
		DD79490E29323F7500C68885 /* Main.storyboard */ = {
			isa = PBXVariantGroup;
			children = (
				DD79490F29323F7500C68885 /* Base */,
			);
			name = Main.storyboard;
			sourceTree = "<group>";
		};
		DD79491329323F7500C68885 /* LaunchScreen.storyboard */ = {
			isa = PBXVariantGroup;
			children = (
				DD79491429323F7500C68885 /* Base */,
			);
			name = LaunchScreen.storyboard;
			sourceTree = "<group>";
		};
/* End PBXVariantGroup section */

/* Begin XCBuildConfiguration section */
		DD79491729323F7500C68885 /* Debug */ = {
			isa = XCBuildConfiguration;
			buildSettings = {
				ALWAYS_SEARCH_USER_PATHS = NO;
				CLANG_ANALYZER_NONNULL = YES;
				CLANG_ANALYZER_NUMBER_OBJECT_CONVERSION = YES_AGGRESSIVE;
				CLANG_CXX_LANGUAGE_STANDARD = "gnu++20";
				CLANG_ENABLE_MODULES = YES;
				CLANG_ENABLE_OBJC_ARC = YES;
				CLANG_ENABLE_OBJC_WEAK = YES;
				CLANG_WARN_BLOCK_CAPTURE_AUTORELEASING = YES;
				CLANG_WARN_BOOL_CONVERSION = YES;
				CLANG_WARN_COMMA = YES;
				CLANG_WARN_CONSTANT_CONVERSION = YES;
				CLANG_WARN_DEPRECATED_OBJC_IMPLEMENTATIONS = YES;
				CLANG_WARN_DIRECT_OBJC_ISA_USAGE = YES_ERROR;
				CLANG_WARN_DOCUMENTATION_COMMENTS = YES;
				CLANG_WARN_EMPTY_BODY = YES;
				CLANG_WARN_ENUM_CONVERSION = YES;
				CLANG_WARN_INFINITE_RECURSION = YES;
				CLANG_WARN_INT_CONVERSION = YES;
				CLANG_WARN_NON_LITERAL_NULL_CONVERSION = YES;
				CLANG_WARN_OBJC_IMPLICIT_RETAIN_SELF = YES;
				CLANG_WARN_OBJC_LITERAL_CONVERSION = YES;
				CLANG_WARN_OBJC_ROOT_CLASS = YES_ERROR;
				CLANG_WARN_QUOTED_INCLUDE_IN_FRAMEWORK_HEADER = YES;
				CLANG_WARN_RANGE_LOOP_ANALYSIS = YES;
				CLANG_WARN_STRICT_PROTOTYPES = YES;
				CLANG_WARN_SUSPICIOUS_MOVE = YES;
				CLANG_WARN_UNGUARDED_AVAILABILITY = YES_AGGRESSIVE;
				CLANG_WARN_UNREACHABLE_CODE = YES;
				CLANG_WARN__DUPLICATE_METHOD_MATCH = YES;
				COPY_PHASE_STRIP = NO;
				DEBUG_INFORMATION_FORMAT = dwarf;
				ENABLE_STRICT_OBJC_MSGSEND = YES;
				ENABLE_TESTABILITY = YES;
				GCC_C_LANGUAGE_STANDARD = gnu11;
				GCC_DYNAMIC_NO_PIC = NO;
				GCC_NO_COMMON_BLOCKS = YES;
				GCC_OPTIMIZATION_LEVEL = 0;
				GCC_PREPROCESSOR_DEFINITIONS = (
					"DEBUG=1",
					"$(inherited)",
				);
				GCC_WARN_64_TO_32_BIT_CONVERSION = YES;
				GCC_WARN_ABOUT_RETURN_TYPE = YES_ERROR;
				GCC_WARN_UNDECLARED_SELECTOR = YES;
				GCC_WARN_UNINITIALIZED_AUTOS = YES_AGGRESSIVE;
				GCC_WARN_UNUSED_FUNCTION = YES;
				GCC_WARN_UNUSED_VARIABLE = YES;
				IPHONEOS_DEPLOYMENT_TARGET = 16.0;
				MTL_ENABLE_DEBUG_INFO = INCLUDE_SOURCE;
				MTL_FAST_MATH = YES;
				ONLY_ACTIVE_ARCH = YES;
				SDKROOT = iphoneos;
				SWIFT_ACTIVE_COMPILATION_CONDITIONS = DEBUG;
				SWIFT_OPTIMIZATION_LEVEL = "-Onone";
			};
			name = Debug;
		};
		DD79491829323F7500C68885 /* Release */ = {
			isa = XCBuildConfiguration;
			buildSettings = {
				ALWAYS_SEARCH_USER_PATHS = NO;
				CLANG_ANALYZER_NONNULL = YES;
				CLANG_ANALYZER_NUMBER_OBJECT_CONVERSION = YES_AGGRESSIVE;
				CLANG_CXX_LANGUAGE_STANDARD = "gnu++20";
				CLANG_ENABLE_MODULES = YES;
				CLANG_ENABLE_OBJC_ARC = YES;
				CLANG_ENABLE_OBJC_WEAK = YES;
				CLANG_WARN_BLOCK_CAPTURE_AUTORELEASING = YES;
				CLANG_WARN_BOOL_CONVERSION = YES;
				CLANG_WARN_COMMA = YES;
				CLANG_WARN_CONSTANT_CONVERSION = YES;
				CLANG_WARN_DEPRECATED_OBJC_IMPLEMENTATIONS = YES;
				CLANG_WARN_DIRECT_OBJC_ISA_USAGE = YES_ERROR;
				CLANG_WARN_DOCUMENTATION_COMMENTS = YES;
				CLANG_WARN_EMPTY_BODY = YES;
				CLANG_WARN_ENUM_CONVERSION = YES;
				CLANG_WARN_INFINITE_RECURSION = YES;
				CLANG_WARN_INT_CONVERSION = YES;
				CLANG_WARN_NON_LITERAL_NULL_CONVERSION = YES;
				CLANG_WARN_OBJC_IMPLICIT_RETAIN_SELF = YES;
				CLANG_WARN_OBJC_LITERAL_CONVERSION = YES;
				CLANG_WARN_OBJC_ROOT_CLASS = YES_ERROR;
				CLANG_WARN_QUOTED_INCLUDE_IN_FRAMEWORK_HEADER = YES;
				CLANG_WARN_RANGE_LOOP_ANALYSIS = YES;
				CLANG_WARN_STRICT_PROTOTYPES = YES;
				CLANG_WARN_SUSPICIOUS_MOVE = YES;
				CLANG_WARN_UNGUARDED_AVAILABILITY = YES_AGGRESSIVE;
				CLANG_WARN_UNREACHABLE_CODE = YES;
				CLANG_WARN__DUPLICATE_METHOD_MATCH = YES;
				COPY_PHASE_STRIP = NO;
				DEBUG_INFORMATION_FORMAT = "dwarf-with-dsym";
				ENABLE_NS_ASSERTIONS = NO;
				ENABLE_STRICT_OBJC_MSGSEND = YES;
				GCC_C_LANGUAGE_STANDARD = gnu11;
				GCC_NO_COMMON_BLOCKS = YES;
				GCC_WARN_64_TO_32_BIT_CONVERSION = YES;
				GCC_WARN_ABOUT_RETURN_TYPE = YES_ERROR;
				GCC_WARN_UNDECLARED_SELECTOR = YES;
				GCC_WARN_UNINITIALIZED_AUTOS = YES_AGGRESSIVE;
				GCC_WARN_UNUSED_FUNCTION = YES;
				GCC_WARN_UNUSED_VARIABLE = YES;
				IPHONEOS_DEPLOYMENT_TARGET = 16.0;
				MTL_ENABLE_DEBUG_INFO = NO;
				MTL_FAST_MATH = YES;
				SDKROOT = iphoneos;
				SWIFT_COMPILATION_MODE = wholemodule;
				SWIFT_OPTIMIZATION_LEVEL = "-O";
				VALIDATE_PRODUCT = YES;
			};
			name = Release;
		};
		DD79491A29323F7500C68885 /* Debug */ = {
			isa = XCBuildConfiguration;
			buildSettings = {
				ASSETCATALOG_COMPILER_APPICON_NAME = AppIcon;
				ASSETCATALOG_COMPILER_GLOBAL_ACCENT_COLOR_NAME = AccentColor;
				CODE_SIGN_STYLE = Automatic;
				CURRENT_PROJECT_VERSION = 1;
				DEVELOPMENT_TEAM = DC2CCCCLGJ;
				GENERATE_INFOPLIST_FILE = YES;
				INFOPLIST_FILE = "First Challenge (HWS)/Info.plist";
				INFOPLIST_KEY_UIApplicationSupportsIndirectInputEvents = YES;
				INFOPLIST_KEY_UILaunchStoryboardName = LaunchScreen;
				INFOPLIST_KEY_UIMainStoryboardFile = Main;
				INFOPLIST_KEY_UISupportedInterfaceOrientations_iPad = "UIInterfaceOrientationPortrait UIInterfaceOrientationPortraitUpsideDown UIInterfaceOrientationLandscapeLeft UIInterfaceOrientationLandscapeRight";
				INFOPLIST_KEY_UISupportedInterfaceOrientations_iPhone = "UIInterfaceOrientationPortrait UIInterfaceOrientationLandscapeLeft UIInterfaceOrientationLandscapeRight";
				LD_RUNPATH_SEARCH_PATHS = (
					"$(inherited)",
					"@executable_path/Frameworks",
				);
				MARKETING_VERSION = 1.0;
				PRODUCT_BUNDLE_IDENTIFIER = "com.aligorkemaksoz.First-Challenge--HWS-";
				PRODUCT_NAME = "$(TARGET_NAME)";
				SWIFT_EMIT_LOC_STRINGS = YES;
				SWIFT_VERSION = 5.0;
				TARGETED_DEVICE_FAMILY = "1,2";
			};
			name = Debug;
		};
		DD79491B29323F7500C68885 /* Release */ = {
			isa = XCBuildConfiguration;
			buildSettings = {
				ASSETCATALOG_COMPILER_APPICON_NAME = AppIcon;
				ASSETCATALOG_COMPILER_GLOBAL_ACCENT_COLOR_NAME = AccentColor;
				CODE_SIGN_STYLE = Automatic;
				CURRENT_PROJECT_VERSION = 1;
				DEVELOPMENT_TEAM = DC2CCCCLGJ;
				GENERATE_INFOPLIST_FILE = YES;
				INFOPLIST_FILE = "First Challenge (HWS)/Info.plist";
				INFOPLIST_KEY_UIApplicationSupportsIndirectInputEvents = YES;
				INFOPLIST_KEY_UILaunchStoryboardName = LaunchScreen;
				INFOPLIST_KEY_UIMainStoryboardFile = Main;
				INFOPLIST_KEY_UISupportedInterfaceOrientations_iPad = "UIInterfaceOrientationPortrait UIInterfaceOrientationPortraitUpsideDown UIInterfaceOrientationLandscapeLeft UIInterfaceOrientationLandscapeRight";
				INFOPLIST_KEY_UISupportedInterfaceOrientations_iPhone = "UIInterfaceOrientationPortrait UIInterfaceOrientationLandscapeLeft UIInterfaceOrientationLandscapeRight";
				LD_RUNPATH_SEARCH_PATHS = (
					"$(inherited)",
					"@executable_path/Frameworks",
				);
				MARKETING_VERSION = 1.0;
				PRODUCT_BUNDLE_IDENTIFIER = "com.aligorkemaksoz.First-Challenge--HWS-";
				PRODUCT_NAME = "$(TARGET_NAME)";
				SWIFT_EMIT_LOC_STRINGS = YES;
				SWIFT_VERSION = 5.0;
				TARGETED_DEVICE_FAMILY = "1,2";
			};
			name = Release;
		};
/* End XCBuildConfiguration section */

/* Begin XCConfigurationList section */
		DD79490029323F7500C68885 /* Build configuration list for PBXProject "First Challenge (HWS)" */ = {
			isa = XCConfigurationList;
			buildConfigurations = (
				DD79491729323F7500C68885 /* Debug */,
				DD79491829323F7500C68885 /* Release */,
			);
			defaultConfigurationIsVisible = 0;
			defaultConfigurationName = Release;
		};
		DD79491929323F7500C68885 /* Build configuration list for PBXNativeTarget "First Challenge (HWS)" */ = {
			isa = XCConfigurationList;
			buildConfigurations = (
				DD79491A29323F7500C68885 /* Debug */,
				DD79491B29323F7500C68885 /* Release */,
			);
			defaultConfigurationIsVisible = 0;
			defaultConfigurationName = Release;
		};
/* End XCConfigurationList section */
	};
	rootObject = DD7948FD29323F7500C68885 /* Project object */;
}
