// !$*UTF8*$!
{
	archiveVersion = 1;
	classes = {
	};
	objectVersion = 56;
	objects = {

/* Begin PBXBuildFile section */
		DD412EC5292D20B2006DD128 /* AppDelegate.swift in Sources */ = {isa = PBXBuildFile; fileRef = DD412EC4292D20B2006DD128 /* AppDelegate.swift */; };
		DD412EC7292D20B2006DD128 /* SceneDelegate.swift in Sources */ = {isa = PBXBuildFile; fileRef = DD412EC6292D20B2006DD128 /* SceneDelegate.swift */; };
		DD412EC9292D20B2006DD128 /* ViewController.swift in Sources */ = {isa = PBXBuildFile; fileRef = DD412EC8292D20B2006DD128 /* ViewController.swift */; };
		DD412ECC292D20B2006DD128 /* Main.storyboard in Resources */ = {isa = PBXBuildFile; fileRef = DD412ECA292D20B2006DD128 /* Main.storyboard */; };
		DD412ECE292D20B3006DD128 /* Assets.xcassets in Resources */ = {isa = PBXBuildFile; fileRef = DD412ECD292D20B3006DD128 /* Assets.xcassets */; };
		DD412ED1292D20B3006DD128 /* LaunchScreen.storyboard in Resources */ = {isa = PBXBuildFile; fileRef = DD412ECF292D20B3006DD128 /* LaunchScreen.storyboard */; };
		DD412EE3292D234F006DD128 /* nssl0051.jpeg in Resources */ = {isa = PBXBuildFile; fileRef = DD412ED9292D234F006DD128 /* nssl0051.jpeg */; };
		DD412EE4292D234F006DD128 /* nssl0046.jpeg in Resources */ = {isa = PBXBuildFile; fileRef = DD412EDA292D234F006DD128 /* nssl0046.jpeg */; };
		DD412EE5292D234F006DD128 /* nssl0041.jpeg in Resources */ = {isa = PBXBuildFile; fileRef = DD412EDB292D234F006DD128 /* nssl0041.jpeg */; };
		DD412EE6292D234F006DD128 /* nssl0034.jpeg in Resources */ = {isa = PBXBuildFile; fileRef = DD412EDC292D234F006DD128 /* nssl0034.jpeg */; };
		DD412EE7292D234F006DD128 /* nssl0043.jpeg in Resources */ = {isa = PBXBuildFile; fileRef = DD412EDD292D234F006DD128 /* nssl0043.jpeg */; };
		DD412EE8292D234F006DD128 /* nssl0042.jpeg in Resources */ = {isa = PBXBuildFile; fileRef = DD412EDE292D234F006DD128 /* nssl0042.jpeg */; };
		DD412EE9292D234F006DD128 /* nssl0045.jpeg in Resources */ = {isa = PBXBuildFile; fileRef = DD412EDF292D234F006DD128 /* nssl0045.jpeg */; };
		DD412EEA292D234F006DD128 /* nssl0049.jpeg in Resources */ = {isa = PBXBuildFile; fileRef = DD412EE0292D234F006DD128 /* nssl0049.jpeg */; };
		DD412EEB292D234F006DD128 /* nssl0033.jpeg in Resources */ = {isa = PBXBuildFile; fileRef = DD412EE1292D234F006DD128 /* nssl0033.jpeg */; };
		DD412EEC292D234F006DD128 /* nssl0091.jpeg in Resources */ = {isa = PBXBuildFile; fileRef = DD412EE2292D234F006DD128 /* nssl0091.jpeg */; };
/* End PBXBuildFile section */

/* Begin PBXFileReference section */
		DD412EC1292D20B2006DD128 /* Project 1.app */ = {isa = PBXFileReference; explicitFileType = wrapper.application; includeInIndex = 0; path = "Project 1.app"; sourceTree = BUILT_PRODUCTS_DIR; };
		DD412EC4292D20B2006DD128 /* AppDelegate.swift */ = {isa = PBXFileReference; lastKnownFileType = sourcecode.swift; path = AppDelegate.swift; sourceTree = "<group>"; };
		DD412EC6292D20B2006DD128 /* SceneDelegate.swift */ = {isa = PBXFileReference; lastKnownFileType = sourcecode.swift; path = SceneDelegate.swift; sourceTree = "<group>"; };
		DD412EC8292D20B2006DD128 /* ViewController.swift */ = {isa = PBXFileReference; lastKnownFileType = sourcecode.swift; path = ViewController.swift; sourceTree = "<group>"; };
		DD412ECB292D20B2006DD128 /* Base */ = {isa = PBXFileReference; lastKnownFileType = file.storyboard; name = Base; path = Base.lproj/Main.storyboard; sourceTree = "<group>"; };
		DD412ECD292D20B3006DD128 /* Assets.xcassets */ = {isa = PBXFileReference; lastKnownFileType = folder.assetcatalog; path = Assets.xcassets; sourceTree = "<group>"; };
		DD412ED0292D20B3006DD128 /* Base */ = {isa = PBXFileReference; lastKnownFileType = file.storyboard; name = Base; path = Base.lproj/LaunchScreen.storyboard; sourceTree = "<group>"; };
		DD412ED2292D20B3006DD128 /* Info.plist */ = {isa = PBXFileReference; lastKnownFileType = text.plist.xml; path = Info.plist; sourceTree = "<group>"; };
		DD412ED9292D234F006DD128 /* nssl0051.jpeg */ = {isa = PBXFileReference; lastKnownFileType = image.jpeg; path = nssl0051.jpeg; sourceTree = "<group>"; };
		DD412EDA292D234F006DD128 /* nssl0046.jpeg */ = {isa = PBXFileReference; lastKnownFileType = image.jpeg; path = nssl0046.jpeg; sourceTree = "<group>"; };
		DD412EDB292D234F006DD128 /* nssl0041.jpeg */ = {isa = PBXFileReference; lastKnownFileType = image.jpeg; path = nssl0041.jpeg; sourceTree = "<group>"; };
		DD412EDC292D234F006DD128 /* nssl0034.jpeg */ = {isa = PBXFileReference; lastKnownFileType = image.jpeg; path = nssl0034.jpeg; sourceTree = "<group>"; };
		DD412EDD292D234F006DD128 /* nssl0043.jpeg */ = {isa = PBXFileReference; lastKnownFileType = image.jpeg; path = nssl0043.jpeg; sourceTree = "<group>"; };
		DD412EDE292D234F006DD128 /* nssl0042.jpeg */ = {isa = PBXFileReference; lastKnownFileType = image.jpeg; path = nssl0042.jpeg; sourceTree = "<group>"; };
		DD412EDF292D234F006DD128 /* nssl0045.jpeg */ = {isa = PBXFileReference; lastKnownFileType = image.jpeg; path = nssl0045.jpeg; sourceTree = "<group>"; };
		DD412EE0292D234F006DD128 /* nssl0049.jpeg */ = {isa = PBXFileReference; lastKnownFileType = image.jpeg; path = nssl0049.jpeg; sourceTree = "<group>"; };
		DD412EE1292D234F006DD128 /* nssl0033.jpeg */ = {isa = PBXFileReference; lastKnownFileType = image.jpeg; path = nssl0033.jpeg; sourceTree = "<group>"; };
		DD412EE2292D234F006DD128 /* nssl0091.jpeg */ = {isa = PBXFileReference; lastKnownFileType = image.jpeg; path = nssl0091.jpeg; sourceTree = "<group>"; };
/* End PBXFileReference section */

/* Begin PBXFrameworksBuildPhase section */
		DD412EBE292D20B2006DD128 /* Frameworks */ = {
			isa = PBXFrameworksBuildPhase;
			buildActionMask = 2147483647;
			files = (
			);
			runOnlyForDeploymentPostprocessing = 0;
		};
/* End PBXFrameworksBuildPhase section */

/* Begin PBXGroup section */
		DD412EB8292D20B2006DD128 = {
			isa = PBXGroup;
			children = (
				DD412EC3292D20B2006DD128 /* Project 1 */,
				DD412EC2292D20B2006DD128 /* Products */,
			);
			sourceTree = "<group>";
		};
		DD412EC2292D20B2006DD128 /* Products */ = {
			isa = PBXGroup;
			children = (
				DD412EC1292D20B2006DD128 /* Project 1.app */,
			);
			name = Products;
			sourceTree = "<group>";
		};
		DD412EC3292D20B2006DD128 /* Project 1 */ = {
			isa = PBXGroup;
			children = (
				DD412EC4292D20B2006DD128 /* AppDelegate.swift */,
				DD412EC6292D20B2006DD128 /* SceneDelegate.swift */,
				DD412EC8292D20B2006DD128 /* ViewController.swift */,
				DD412ECA292D20B2006DD128 /* Main.storyboard */,
				DD412ECD292D20B3006DD128 /* Assets.xcassets */,
				DD412ECF292D20B3006DD128 /* LaunchScreen.storyboard */,
				DD412ED2292D20B3006DD128 /* Info.plist */,
				DD412ED8292D234F006DD128 /* Project 1 Contents */,
			);
			path = "Project 1";
			sourceTree = "<group>";
		};
		DD412ED8292D234F006DD128 /* Project 1 Contents */ = {
			isa = PBXGroup;
			children = (
				DD412ED9292D234F006DD128 /* nssl0051.jpeg */,
				DD412EDA292D234F006DD128 /* nssl0046.jpeg */,
				DD412EDB292D234F006DD128 /* nssl0041.jpeg */,
				DD412EDC292D234F006DD128 /* nssl0034.jpeg */,
				DD412EDD292D234F006DD128 /* nssl0043.jpeg */,
				DD412EDE292D234F006DD128 /* nssl0042.jpeg */,
				DD412EDF292D234F006DD128 /* nssl0045.jpeg */,
				DD412EE0292D234F006DD128 /* nssl0049.jpeg */,
				DD412EE1292D234F006DD128 /* nssl0033.jpeg */,
				DD412EE2292D234F006DD128 /* nssl0091.jpeg */,
			);
			path = "Project 1 Contents";
			sourceTree = "<group>";
		};
/* End PBXGroup section */

/* Begin PBXNativeTarget section */
		DD412EC0292D20B2006DD128 /* Project 1 */ = {
			isa = PBXNativeTarget;
			buildConfigurationList = DD412ED5292D20B3006DD128 /* Build configuration list for PBXNativeTarget "Project 1" */;
			buildPhases = (
				DD412EBD292D20B2006DD128 /* Sources */,
				DD412EBE292D20B2006DD128 /* Frameworks */,
				DD412EBF292D20B2006DD128 /* Resources */,
			);
			buildRules = (
			);
			dependencies = (
			);
			name = "Project 1";
			productName = "Project 1";
			productReference = DD412EC1292D20B2006DD128 /* Project 1.app */;
			productType = "com.apple.product-type.application";
		};
/* End PBXNativeTarget section */

/* Begin PBXProject section */
		DD412EB9292D20B2006DD128 /* Project object */ = {
			isa = PBXProject;
			attributes = {
				BuildIndependentTargetsInParallel = 1;
				LastSwiftUpdateCheck = 1400;
				LastUpgradeCheck = 1400;
				TargetAttributes = {
					DD412EC0292D20B2006DD128 = {
						CreatedOnToolsVersion = 14.0.1;
					};
				};
			};
			buildConfigurationList = DD412EBC292D20B2006DD128 /* Build configuration list for PBXProject "Project 1" */;
			compatibilityVersion = "Xcode 14.0";
			developmentRegion = en;
			hasScannedForEncodings = 0;
			knownRegions = (
				en,
				Base,
			);
			mainGroup = DD412EB8292D20B2006DD128;
			productRefGroup = DD412EC2292D20B2006DD128 /* Products */;
			projectDirPath = "";
			projectRoot = "";
			targets = (
				DD412EC0292D20B2006DD128 /* Project 1 */,
			);
		};
/* End PBXProject section */

/* Begin PBXResourcesBuildPhase section */
		DD412EBF292D20B2006DD128 /* Resources */ = {
			isa = PBXResourcesBuildPhase;
			buildActionMask = 2147483647;
			files = (
				DD412EE7292D234F006DD128 /* nssl0043.jpeg in Resources */,
				DD412ED1292D20B3006DD128 /* LaunchScreen.storyboard in Resources */,
				DD412EE4292D234F006DD128 /* nssl0046.jpeg in Resources */,
				DD412EE6292D234F006DD128 /* nssl0034.jpeg in Resources */,
				DD412EE5292D234F006DD128 /* nssl0041.jpeg in Resources */,
				DD412ECE292D20B3006DD128 /* Assets.xcassets in Resources */,
				DD412EE9292D234F006DD128 /* nssl0045.jpeg in Resources */,
				DD412ECC292D20B2006DD128 /* Main.storyboard in Resources */,
				DD412EE3292D234F006DD128 /* nssl0051.jpeg in Resources */,
				DD412EEC292D234F006DD128 /* nssl0091.jpeg in Resources */,
				DD412EEA292D234F006DD128 /* nssl0049.jpeg in Resources */,
				DD412EE8292D234F006DD128 /* nssl0042.jpeg in Resources */,
				DD412EEB292D234F006DD128 /* nssl0033.jpeg in Resources */,
			);
			runOnlyForDeploymentPostprocessing = 0;
		};
/* End PBXResourcesBuildPhase section */

/* Begin PBXSourcesBuildPhase section */
		DD412EBD292D20B2006DD128 /* Sources */ = {
			isa = PBXSourcesBuildPhase;
			buildActionMask = 2147483647;
			files = (
				DD412EC9292D20B2006DD128 /* ViewController.swift in Sources */,
				DD412EC5292D20B2006DD128 /* AppDelegate.swift in Sources */,
				DD412EC7292D20B2006DD128 /* SceneDelegate.swift in Sources */,
			);
			runOnlyForDeploymentPostprocessing = 0;
		};
/* End PBXSourcesBuildPhase section */

/* Begin PBXVariantGroup section */
		DD412ECA292D20B2006DD128 /* Main.storyboard */ = {
			isa = PBXVariantGroup;
			children = (
				DD412ECB292D20B2006DD128 /* Base */,
			);
			name = Main.storyboard;
			sourceTree = "<group>";
		};
		DD412ECF292D20B3006DD128 /* LaunchScreen.storyboard */ = {
			isa = PBXVariantGroup;
			children = (
				DD412ED0292D20B3006DD128 /* Base */,
			);
			name = LaunchScreen.storyboard;
			sourceTree = "<group>";
		};
/* End PBXVariantGroup section */

/* Begin XCBuildConfiguration section */
		DD412ED3292D20B3006DD128 /* Debug */ = {
			isa = XCBuildConfiguration;
			buildSettings = {
				ALWAYS_SEARCH_USER_PATHS = NO;
				CLANG_ANALYZER_NONNULL = YES;
				CLANG_ANALYZER_NUMBER_OBJECT_CONVERSION = YES_AGGRESSIVE;
				CLANG_CXX_LANGUAGE_STANDARD = "gnu++20";
				CLANG_ENABLE_MODULES = YES;
				CLANG_ENABLE_OBJC_ARC = YES;
				CLANG_ENABLE_OBJC_WEAK = YES;
				CLANG_WARN_BLOCK_CAPTURE_AUTORELEASING = YES;
				CLANG_WARN_BOOL_CONVERSION = YES;
				CLANG_WARN_COMMA = YES;
				CLANG_WARN_CONSTANT_CONVERSION = YES;
				CLANG_WARN_DEPRECATED_OBJC_IMPLEMENTATIONS = YES;
				CLANG_WARN_DIRECT_OBJC_ISA_USAGE = YES_ERROR;
				CLANG_WARN_DOCUMENTATION_COMMENTS = YES;
				CLANG_WARN_EMPTY_BODY = YES;
				CLANG_WARN_ENUM_CONVERSION = YES;
				CLANG_WARN_INFINITE_RECURSION = YES;
				CLANG_WARN_INT_CONVERSION = YES;
				CLANG_WARN_NON_LITERAL_NULL_CONVERSION = YES;
				CLANG_WARN_OBJC_IMPLICIT_RETAIN_SELF = YES;
				CLANG_WARN_OBJC_LITERAL_CONVERSION = YES;
				CLANG_WARN_OBJC_ROOT_CLASS = YES_ERROR;
				CLANG_WARN_QUOTED_INCLUDE_IN_FRAMEWORK_HEADER = YES;
				CLANG_WARN_RANGE_LOOP_ANALYSIS = YES;
				CLANG_WARN_STRICT_PROTOTYPES = YES;
				CLANG_WARN_SUSPICIOUS_MOVE = YES;
				CLANG_WARN_UNGUARDED_AVAILABILITY = YES_AGGRESSIVE;
				CLANG_WARN_UNREACHABLE_CODE = YES;
				CLANG_WARN__DUPLICATE_METHOD_MATCH = YES;
				COPY_PHASE_STRIP = NO;
				DEBUG_INFORMATION_FORMAT = dwarf;
				ENABLE_STRICT_OBJC_MSGSEND = YES;
				ENABLE_TESTABILITY = YES;
				GCC_C_LANGUAGE_STANDARD = gnu11;
				GCC_DYNAMIC_NO_PIC = NO;
				GCC_NO_COMMON_BLOCKS = YES;
				GCC_OPTIMIZATION_LEVEL = 0;
				GCC_PREPROCESSOR_DEFINITIONS = (
					"DEBUG=1",
					"$(inherited)",
				);
				GCC_WARN_64_TO_32_BIT_CONVERSION = YES;
				GCC_WARN_ABOUT_RETURN_TYPE = YES_ERROR;
				GCC_WARN_UNDECLARED_SELECTOR = YES;
				GCC_WARN_UNINITIALIZED_AUTOS = YES_AGGRESSIVE;
				GCC_WARN_UNUSED_FUNCTION = YES;
				GCC_WARN_UNUSED_VARIABLE = YES;
				IPHONEOS_DEPLOYMENT_TARGET = 16.0;
				MTL_ENABLE_DEBUG_INFO = INCLUDE_SOURCE;
				MTL_FAST_MATH = YES;
				ONLY_ACTIVE_ARCH = YES;
				SDKROOT = iphoneos;
				SWIFT_ACTIVE_COMPILATION_CONDITIONS = DEBUG;
				SWIFT_OPTIMIZATION_LEVEL = "-Onone";
			};
			name = Debug;
		};
		DD412ED4292D20B3006DD128 /* Release */ = {
			isa = XCBuildConfiguration;
			buildSettings = {
				ALWAYS_SEARCH_USER_PATHS = NO;
				CLANG_ANALYZER_NONNULL = YES;
				CLANG_ANALYZER_NUMBER_OBJECT_CONVERSION = YES_AGGRESSIVE;
				CLANG_CXX_LANGUAGE_STANDARD = "gnu++20";
				CLANG_ENABLE_MODULES = YES;
				CLANG_ENABLE_OBJC_ARC = YES;
				CLANG_ENABLE_OBJC_WEAK = YES;
				CLANG_WARN_BLOCK_CAPTURE_AUTORELEASING = YES;
				CLANG_WARN_BOOL_CONVERSION = YES;
				CLANG_WARN_COMMA = YES;
				CLANG_WARN_CONSTANT_CONVERSION = YES;
				CLANG_WARN_DEPRECATED_OBJC_IMPLEMENTATIONS = YES;
				CLANG_WARN_DIRECT_OBJC_ISA_USAGE = YES_ERROR;
				CLANG_WARN_DOCUMENTATION_COMMENTS = YES;
				CLANG_WARN_EMPTY_BODY = YES;
				CLANG_WARN_ENUM_CONVERSION = YES;
				CLANG_WARN_INFINITE_RECURSION = YES;
				CLANG_WARN_INT_CONVERSION = YES;
				CLANG_WARN_NON_LITERAL_NULL_CONVERSION = YES;
				CLANG_WARN_OBJC_IMPLICIT_RETAIN_SELF = YES;
				CLANG_WARN_OBJC_LITERAL_CONVERSION = YES;
				CLANG_WARN_OBJC_ROOT_CLASS = YES_ERROR;
				CLANG_WARN_QUOTED_INCLUDE_IN_FRAMEWORK_HEADER = YES;
				CLANG_WARN_RANGE_LOOP_ANALYSIS = YES;
				CLANG_WARN_STRICT_PROTOTYPES = YES;
				CLANG_WARN_SUSPICIOUS_MOVE = YES;
				CLANG_WARN_UNGUARDED_AVAILABILITY = YES_AGGRESSIVE;
				CLANG_WARN_UNREACHABLE_CODE = YES;
				CLANG_WARN__DUPLICATE_METHOD_MATCH = YES;
				COPY_PHASE_STRIP = NO;
				DEBUG_INFORMATION_FORMAT = "dwarf-with-dsym";
				ENABLE_NS_ASSERTIONS = NO;
				ENABLE_STRICT_OBJC_MSGSEND = YES;
				GCC_C_LANGUAGE_STANDARD = gnu11;
				GCC_NO_COMMON_BLOCKS = YES;
				GCC_WARN_64_TO_32_BIT_CONVERSION = YES;
				GCC_WARN_ABOUT_RETURN_TYPE = YES_ERROR;
				GCC_WARN_UNDECLARED_SELECTOR = YES;
				GCC_WARN_UNINITIALIZED_AUTOS = YES_AGGRESSIVE;
				GCC_WARN_UNUSED_FUNCTION = YES;
				GCC_WARN_UNUSED_VARIABLE = YES;
				IPHONEOS_DEPLOYMENT_TARGET = 16.0;
				MTL_ENABLE_DEBUG_INFO = NO;
				MTL_FAST_MATH = YES;
				SDKROOT = iphoneos;
				SWIFT_COMPILATION_MODE = wholemodule;
				SWIFT_OPTIMIZATION_LEVEL = "-O";
				VALIDATE_PRODUCT = YES;
			};
			name = Release;
		};
		DD412ED6292D20B3006DD128 /* Debug */ = {
			isa = XCBuildConfiguration;
			buildSettings = {
				ASSETCATALOG_COMPILER_APPICON_NAME = AppIcon;
				ASSETCATALOG_COMPILER_GLOBAL_ACCENT_COLOR_NAME = AccentColor;
				CODE_SIGN_STYLE = Automatic;
				CURRENT_PROJECT_VERSION = 1;
				DEVELOPMENT_TEAM = DC2CCCCLGJ;
				GENERATE_INFOPLIST_FILE = YES;
				INFOPLIST_FILE = "Project 1/Info.plist";
				INFOPLIST_KEY_UIApplicationSupportsIndirectInputEvents = YES;
				INFOPLIST_KEY_UILaunchStoryboardName = LaunchScreen;
				INFOPLIST_KEY_UIMainStoryboardFile = Main;
				INFOPLIST_KEY_UISupportedInterfaceOrientations_iPad = "UIInterfaceOrientationPortrait UIInterfaceOrientationPortraitUpsideDown UIInterfaceOrientationLandscapeLeft UIInterfaceOrientationLandscapeRight";
				INFOPLIST_KEY_UISupportedInterfaceOrientations_iPhone = "UIInterfaceOrientationPortrait UIInterfaceOrientationLandscapeLeft UIInterfaceOrientationLandscapeRight";
				LD_RUNPATH_SEARCH_PATHS = (
					"$(inherited)",
					"@executable_path/Frameworks",
				);
				MARKETING_VERSION = 1.0;
				PRODUCT_BUNDLE_IDENTIFIER = "com.aligorkemaksoz.Project-1";
				PRODUCT_NAME = "$(TARGET_NAME)";
				SWIFT_EMIT_LOC_STRINGS = YES;
				SWIFT_VERSION = 5.0;
				TARGETED_DEVICE_FAMILY = "1,2";
			};
			name = Debug;
		};
		DD412ED7292D20B3006DD128 /* Release */ = {
			isa = XCBuildConfiguration;
			buildSettings = {
				ASSETCATALOG_COMPILER_APPICON_NAME = AppIcon;
				ASSETCATALOG_COMPILER_GLOBAL_ACCENT_COLOR_NAME = AccentColor;
				CODE_SIGN_STYLE = Automatic;
				CURRENT_PROJECT_VERSION = 1;
				DEVELOPMENT_TEAM = DC2CCCCLGJ;
				GENERATE_INFOPLIST_FILE = YES;
				INFOPLIST_FILE = "Project 1/Info.plist";
				INFOPLIST_KEY_UIApplicationSupportsIndirectInputEvents = YES;
				INFOPLIST_KEY_UILaunchStoryboardName = LaunchScreen;
				INFOPLIST_KEY_UIMainStoryboardFile = Main;
				INFOPLIST_KEY_UISupportedInterfaceOrientations_iPad = "UIInterfaceOrientationPortrait UIInterfaceOrientationPortraitUpsideDown UIInterfaceOrientationLandscapeLeft UIInterfaceOrientationLandscapeRight";
				INFOPLIST_KEY_UISupportedInterfaceOrientations_iPhone = "UIInterfaceOrientationPortrait UIInterfaceOrientationLandscapeLeft UIInterfaceOrientationLandscapeRight";
				LD_RUNPATH_SEARCH_PATHS = (
					"$(inherited)",
					"@executable_path/Frameworks",
				);
				MARKETING_VERSION = 1.0;
				PRODUCT_BUNDLE_IDENTIFIER = "com.aligorkemaksoz.Project-1";
				PRODUCT_NAME = "$(TARGET_NAME)";
				SWIFT_EMIT_LOC_STRINGS = YES;
				SWIFT_VERSION = 5.0;
				TARGETED_DEVICE_FAMILY = "1,2";
			};
			name = Release;
		};
/* End XCBuildConfiguration section */

/* Begin XCConfigurationList section */
		DD412EBC292D20B2006DD128 /* Build configuration list for PBXProject "Project 1" */ = {
			isa = XCConfigurationList;
			buildConfigurations = (
				DD412ED3292D20B3006DD128 /* Debug */,
				DD412ED4292D20B3006DD128 /* Release */,
			);
			defaultConfigurationIsVisible = 0;
			defaultConfigurationName = Release;
		};
		DD412ED5292D20B3006DD128 /* Build configuration list for PBXNativeTarget "Project 1" */ = {
			isa = XCConfigurationList;
			buildConfigurations = (
				DD412ED6292D20B3006DD128 /* Debug */,
				DD412ED7292D20B3006DD128 /* Release */,
			);
			defaultConfigurationIsVisible = 0;
			defaultConfigurationName = Release;
		};
/* End XCConfigurationList section */
	};
	rootObject = DD412EB9292D20B2006DD128 /* Project object */;
}
